// !$*UTF8*$!
{
	archiveVersion = 1;
	classes = {
	};
	objectVersion = 50;
	objects = {

/* Begin PBXBuildFile section */
		23162BCD22DE89DF001A4D2D /* DownloadCSV.swift in Sources */ = {isa = PBXBuildFile; fileRef = 23162BCC22DE89DF001A4D2D /* DownloadCSV.swift */; };
		23162BCF22DE9D04001A4D2D /* WelcomeScreenController.swift in Sources */ = {isa = PBXBuildFile; fileRef = 23162BCE22DE9D04001A4D2D /* WelcomeScreenController.swift */; };
		23162BD122DEA301001A4D2D /* ParseCSV.swift in Sources */ = {isa = PBXBuildFile; fileRef = 23162BD022DEA301001A4D2D /* ParseCSV.swift */; };
		23242B9B22DE453700C4F132 /* Groups.swift in Sources */ = {isa = PBXBuildFile; fileRef = 23242B9A22DE453700C4F132 /* Groups.swift */; };
		233577B122DA99E30043AE98 /* GroupsParser.swift in Sources */ = {isa = PBXBuildFile; fileRef = 233577B022DA99E30043AE98 /* GroupsParser.swift */; };
		2360E2E022EC91BD00FCF99F /* TimeTablesDataBase.swift in Sources */ = {isa = PBXBuildFile; fileRef = 2360E2DF22EC91BD00FCF99F /* TimeTablesDataBase.swift */; };
		2360E2E422ECACF100FCF99F /* TimeTableCell.swift in Sources */ = {isa = PBXBuildFile; fileRef = 2360E2E222ECACF100FCF99F /* TimeTableCell.swift */; };
		2360E2E522ECACF100FCF99F /* TimeTableCell.xib in Resources */ = {isa = PBXBuildFile; fileRef = 2360E2E322ECACF100FCF99F /* TimeTableCell.xib */; };
		2360E2E722ECBEF800FCF99F /* GetDataFromDatabase.swift in Sources */ = {isa = PBXBuildFile; fileRef = 2360E2E622ECBEF800FCF99F /* GetDataFromDatabase.swift */; };
		2364EA2A22DA760000340B3A /* AppDelegate.swift in Sources */ = {isa = PBXBuildFile; fileRef = 2364EA2922DA760000340B3A /* AppDelegate.swift */; };
		2364EA2F22DA760000340B3A /* Main.storyboard in Resources */ = {isa = PBXBuildFile; fileRef = 2364EA2D22DA760000340B3A /* Main.storyboard */; };
		2364EA3422DA760000340B3A /* Assets.xcassets in Resources */ = {isa = PBXBuildFile; fileRef = 2364EA3322DA760000340B3A /* Assets.xcassets */; };
		2364EA3722DA760000340B3A /* LaunchScreen.storyboard in Resources */ = {isa = PBXBuildFile; fileRef = 2364EA3522DA760000340B3A /* LaunchScreen.storyboard */; };
		2364EA4522DA7B9D00340B3A /* TimeTableController.swift in Sources */ = {isa = PBXBuildFile; fileRef = 2364EA4422DA7B9D00340B3A /* TimeTableController.swift */; };
		2364EA4722DA8BB500340B3A /* WebDataDownload.swift in Sources */ = {isa = PBXBuildFile; fileRef = 2364EA4622DA8BB500340B3A /* WebDataDownload.swift */; };
		23BAEAEB22DF8E18005E5F40 /* ParsingCsvUtil.swift in Sources */ = {isa = PBXBuildFile; fileRef = 23BAEAEA22DF8E18005E5F40 /* ParsingCsvUtil.swift */; };
		23CBCB1522E4F69E00412350 /* CheckingConnection.swift in Sources */ = {isa = PBXBuildFile; fileRef = 23CBCB1422E4F69E00412350 /* CheckingConnection.swift */; };
		23D9AED722EF380800B4B876 /* LecturersCustomCell.swift in Sources */ = {isa = PBXBuildFile; fileRef = 23D9AED522EF380800B4B876 /* LecturersCustomCell.swift */; };
		23D9AED822EF380800B4B876 /* LecturersCustomCell.xib in Resources */ = {isa = PBXBuildFile; fileRef = 23D9AED622EF380800B4B876 /* LecturersCustomCell.xib */; };
		23D9AEDA22EF62ED00B4B876 /* DownloadNoticeBoard.swift in Sources */ = {isa = PBXBuildFile; fileRef = 23D9AED922EF62ED00B4B876 /* DownloadNoticeBoard.swift */; };
		23D9AEDC22EF666C00B4B876 /* CurrentDate.swift in Sources */ = {isa = PBXBuildFile; fileRef = 23D9AEDB22EF666C00B4B876 /* CurrentDate.swift */; };
		23DFFB7122EE19320045C626 /* LecturersTimeTableController.swift in Sources */ = {isa = PBXBuildFile; fileRef = 23DFFB7022EE19320045C626 /* LecturersTimeTableController.swift */; };
		23EDF9AB22E5F75A0039C2AB /* Alerts.swift in Sources */ = {isa = PBXBuildFile; fileRef = 23EDF9AA22E5F75A0039C2AB /* Alerts.swift */; };
		23EDF9AF22E60A3F0039C2AB /* ClassesArray.swift in Sources */ = {isa = PBXBuildFile; fileRef = 23EDF9AE22E60A3F0039C2AB /* ClassesArray.swift */; };
		36BBD2484C9C7AB8AE71FEEC /* Pods_Aplikacja_Mobilna_WZR.framework in Frameworks */ = {isa = PBXBuildFile; fileRef = 14D482D4A6BBC0752467BD61 /* Pods_Aplikacja_Mobilna_WZR.framework */; };
/* End PBXBuildFile section */

/* Begin PBXFileReference section */
		14D482D4A6BBC0752467BD61 /* Pods_Aplikacja_Mobilna_WZR.framework */ = {isa = PBXFileReference; explicitFileType = wrapper.framework; includeInIndex = 0; path = Pods_Aplikacja_Mobilna_WZR.framework; sourceTree = BUILT_PRODUCTS_DIR; };
		23162BCC22DE89DF001A4D2D /* DownloadCSV.swift */ = {isa = PBXFileReference; lastKnownFileType = sourcecode.swift; path = DownloadCSV.swift; sourceTree = "<group>"; };
		23162BCE22DE9D04001A4D2D /* WelcomeScreenController.swift */ = {isa = PBXFileReference; lastKnownFileType = sourcecode.swift; path = WelcomeScreenController.swift; sourceTree = "<group>"; };
		23162BD022DEA301001A4D2D /* ParseCSV.swift */ = {isa = PBXFileReference; lastKnownFileType = sourcecode.swift; path = ParseCSV.swift; sourceTree = "<group>"; };
		23242B9A22DE453700C4F132 /* Groups.swift */ = {isa = PBXFileReference; lastKnownFileType = sourcecode.swift; path = Groups.swift; sourceTree = "<group>"; };
		233577B022DA99E30043AE98 /* GroupsParser.swift */ = {isa = PBXFileReference; lastKnownFileType = sourcecode.swift; path = GroupsParser.swift; sourceTree = "<group>"; };
		2360E2DF22EC91BD00FCF99F /* TimeTablesDataBase.swift */ = {isa = PBXFileReference; lastKnownFileType = sourcecode.swift; path = TimeTablesDataBase.swift; sourceTree = "<group>"; };
		2360E2E222ECACF100FCF99F /* TimeTableCell.swift */ = {isa = PBXFileReference; lastKnownFileType = sourcecode.swift; path = TimeTableCell.swift; sourceTree = "<group>"; };
		2360E2E322ECACF100FCF99F /* TimeTableCell.xib */ = {isa = PBXFileReference; lastKnownFileType = file.xib; path = TimeTableCell.xib; sourceTree = "<group>"; };
		2360E2E622ECBEF800FCF99F /* GetDataFromDatabase.swift */ = {isa = PBXFileReference; lastKnownFileType = sourcecode.swift; path = GetDataFromDatabase.swift; sourceTree = "<group>"; };
		2364EA2622DA760000340B3A /* Aplikacja Mobilna WZR.app */ = {isa = PBXFileReference; explicitFileType = wrapper.application; includeInIndex = 0; path = "Aplikacja Mobilna WZR.app"; sourceTree = BUILT_PRODUCTS_DIR; };
		2364EA2922DA760000340B3A /* AppDelegate.swift */ = {isa = PBXFileReference; lastKnownFileType = sourcecode.swift; path = AppDelegate.swift; sourceTree = "<group>"; };
		2364EA2E22DA760000340B3A /* Base */ = {isa = PBXFileReference; lastKnownFileType = file.storyboard; name = Base; path = Base.lproj/Main.storyboard; sourceTree = "<group>"; };
		2364EA3322DA760000340B3A /* Assets.xcassets */ = {isa = PBXFileReference; lastKnownFileType = folder.assetcatalog; path = Assets.xcassets; sourceTree = "<group>"; };
		2364EA3622DA760000340B3A /* Base */ = {isa = PBXFileReference; lastKnownFileType = file.storyboard; name = Base; path = Base.lproj/LaunchScreen.storyboard; sourceTree = "<group>"; };
		2364EA3822DA760000340B3A /* Info.plist */ = {isa = PBXFileReference; lastKnownFileType = text.plist.xml; path = Info.plist; sourceTree = "<group>"; };
		2364EA4422DA7B9D00340B3A /* TimeTableController.swift */ = {isa = PBXFileReference; lastKnownFileType = sourcecode.swift; path = TimeTableController.swift; sourceTree = "<group>"; };
		2364EA4622DA8BB500340B3A /* WebDataDownload.swift */ = {isa = PBXFileReference; lastKnownFileType = sourcecode.swift; path = WebDataDownload.swift; sourceTree = "<group>"; };
		23BAEAEA22DF8E18005E5F40 /* ParsingCsvUtil.swift */ = {isa = PBXFileReference; lastKnownFileType = sourcecode.swift; path = ParsingCsvUtil.swift; sourceTree = "<group>"; };
		23CBCB1422E4F69E00412350 /* CheckingConnection.swift */ = {isa = PBXFileReference; lastKnownFileType = sourcecode.swift; path = CheckingConnection.swift; sourceTree = "<group>"; };
		23D9AED522EF380800B4B876 /* LecturersCustomCell.swift */ = {isa = PBXFileReference; lastKnownFileType = sourcecode.swift; path = LecturersCustomCell.swift; sourceTree = "<group>"; };
		23D9AED622EF380800B4B876 /* LecturersCustomCell.xib */ = {isa = PBXFileReference; lastKnownFileType = file.xib; path = LecturersCustomCell.xib; sourceTree = "<group>"; };
		23D9AED922EF62ED00B4B876 /* DownloadNoticeBoard.swift */ = {isa = PBXFileReference; lastKnownFileType = sourcecode.swift; name = DownloadNoticeBoard.swift; path = "Aplikacja Mobilna WZR/View/CustomLecturersTimeTableCell/DownloadNoticeBoard.swift"; sourceTree = SOURCE_ROOT; };
		23D9AEDB22EF666C00B4B876 /* CurrentDate.swift */ = {isa = PBXFileReference; lastKnownFileType = sourcecode.swift; path = CurrentDate.swift; sourceTree = "<group>"; };
		23DFFB7022EE19320045C626 /* LecturersTimeTableController.swift */ = {isa = PBXFileReference; lastKnownFileType = sourcecode.swift; path = LecturersTimeTableController.swift; sourceTree = "<group>"; };
		23EDF9AA22E5F75A0039C2AB /* Alerts.swift */ = {isa = PBXFileReference; lastKnownFileType = sourcecode.swift; path = Alerts.swift; sourceTree = "<group>"; };
		23EDF9AE22E60A3F0039C2AB /* ClassesArray.swift */ = {isa = PBXFileReference; lastKnownFileType = sourcecode.swift; path = ClassesArray.swift; sourceTree = "<group>"; };
		512F58E691B2510F01633AEB /* Pods-Aplikacja Mobilna WZR.debug.xcconfig */ = {isa = PBXFileReference; includeInIndex = 1; lastKnownFileType = text.xcconfig; name = "Pods-Aplikacja Mobilna WZR.debug.xcconfig"; path = "Pods/Target Support Files/Pods-Aplikacja Mobilna WZR/Pods-Aplikacja Mobilna WZR.debug.xcconfig"; sourceTree = "<group>"; };
		6DF9A489728DB95CC77F354B /* Pods-Aplikacja Mobilna WZR.release.xcconfig */ = {isa = PBXFileReference; includeInIndex = 1; lastKnownFileType = text.xcconfig; name = "Pods-Aplikacja Mobilna WZR.release.xcconfig"; path = "Pods/Target Support Files/Pods-Aplikacja Mobilna WZR/Pods-Aplikacja Mobilna WZR.release.xcconfig"; sourceTree = "<group>"; };
/* End PBXFileReference section */

/* Begin PBXFrameworksBuildPhase section */
		2364EA2322DA760000340B3A /* Frameworks */ = {
			isa = PBXFrameworksBuildPhase;
			buildActionMask = 2147483647;
			files = (
				36BBD2484C9C7AB8AE71FEEC /* Pods_Aplikacja_Mobilna_WZR.framework in Frameworks */,
			);
			runOnlyForDeploymentPostprocessing = 0;
		};
/* End PBXFrameworksBuildPhase section */

/* Begin PBXGroup section */
		23162BCB22DE898F001A4D2D /* TimeTables */ = {
			isa = PBXGroup;
			children = (
				23EDF9AE22E60A3F0039C2AB /* ClassesArray.swift */,
				23162BCC22DE89DF001A4D2D /* DownloadCSV.swift */,
				23162BD022DEA301001A4D2D /* ParseCSV.swift */,
				23BAEAEA22DF8E18005E5F40 /* ParsingCsvUtil.swift */,
			);
			path = TimeTables;
			sourceTree = "<group>";
		};
		233577B222DAB2530043AE98 /* Groups */ = {
			isa = PBXGroup;
			children = (
				233577B022DA99E30043AE98 /* GroupsParser.swift */,
				23242B9A22DE453700C4F132 /* Groups.swift */,
			);
			path = Groups;
			sourceTree = "<group>";
		};
		2360E2DD22EC8DDA00FCF99F /* NoticeBoard */ = {
			isa = PBXGroup;
			children = (
				23D9AED922EF62ED00B4B876 /* DownloadNoticeBoard.swift */,
			);
			path = NoticeBoard;
			sourceTree = "<group>";
		};
		2360E2DE22EC918A00FCF99F /* RealmDatabases */ = {
			isa = PBXGroup;
			children = (
				2360E2DF22EC91BD00FCF99F /* TimeTablesDataBase.swift */,
			);
			path = RealmDatabases;
			sourceTree = "<group>";
		};
		2360E2E122ECACAD00FCF99F /* CustomTimeTableCell */ = {
			isa = PBXGroup;
			children = (
				2360E2E222ECACF100FCF99F /* TimeTableCell.swift */,
				2360E2E322ECACF100FCF99F /* TimeTableCell.xib */,
			);
			path = CustomTimeTableCell;
			sourceTree = "<group>";
		};
		2364EA1D22DA760000340B3A = {
			isa = PBXGroup;
			children = (
				2364EA2822DA760000340B3A /* Aplikacja Mobilna WZR */,
				2364EA2722DA760000340B3A /* Products */,
				F419EA94C5F278C489A283CA /* Pods */,
				8B3D7BC3596FC83B208B2C81 /* Frameworks */,
			);
			sourceTree = "<group>";
		};
		2364EA2722DA760000340B3A /* Products */ = {
			isa = PBXGroup;
			children = (
				2364EA2622DA760000340B3A /* Aplikacja Mobilna WZR.app */,
			);
			name = Products;
			sourceTree = "<group>";
		};
		2364EA2822DA760000340B3A /* Aplikacja Mobilna WZR */ = {
			isa = PBXGroup;
			children = (
				2364EA4122DA762600340B3A /* Model */,
				2364EA4022DA762400340B3A /* View */,
				2364EA3F22DA762200340B3A /* Controller */,
				2364EA3E22DA761F00340B3A /* Other */,
				2364EA3822DA760000340B3A /* Info.plist */,
			);
			path = "Aplikacja Mobilna WZR";
			sourceTree = "<group>";
		};
		2364EA3E22DA761F00340B3A /* Other */ = {
			isa = PBXGroup;
			children = (
				2364EA3322DA760000340B3A /* Assets.xcassets */,
			);
			path = Other;
			sourceTree = "<group>";
		};
		2364EA3F22DA762200340B3A /* Controller */ = {
			isa = PBXGroup;
			children = (
				236B56A822F0CA5600A63248 /* FullTimeControllers */,
				236B56A922F0CBBA00A63248 /* PartTimeControllers */,
				2364EA2922DA760000340B3A /* AppDelegate.swift */,
			);
			path = Controller;
			sourceTree = "<group>";
		};
		2364EA4022DA762400340B3A /* View */ = {
			isa = PBXGroup;
			children = (
				23D9AED422EF37DA00B4B876 /* CustomLecturersTimeTableCell */,
				2360E2E122ECACAD00FCF99F /* CustomTimeTableCell */,
				2364EA2D22DA760000340B3A /* Main.storyboard */,
				2364EA3522DA760000340B3A /* LaunchScreen.storyboard */,
			);
			path = View;
			sourceTree = "<group>";
		};
		2364EA4122DA762600340B3A /* Model */ = {
			isa = PBXGroup;
			children = (
				23CBCB1622E4F75D00412350 /* Utilities */,
				23162BCB22DE898F001A4D2D /* TimeTables */,
				233577B222DAB2530043AE98 /* Groups */,
				2360E2DD22EC8DDA00FCF99F /* NoticeBoard */,
				2360E2DE22EC918A00FCF99F /* RealmDatabases */,
			);
			path = Model;
			sourceTree = "<group>";
		};
		236B56A822F0CA5600A63248 /* FullTimeControllers */ = {
			isa = PBXGroup;
			children = (
				23162BCE22DE9D04001A4D2D /* WelcomeScreenController.swift */,
				2364EA4422DA7B9D00340B3A /* TimeTableController.swift */,
				23DFFB7022EE19320045C626 /* LecturersTimeTableController.swift */,
			);
			path = FullTimeControllers;
			sourceTree = "<group>";
		};
		236B56A922F0CBBA00A63248 /* PartTimeControllers */ = {
			isa = PBXGroup;
			children = (
			);
			path = PartTimeControllers;
			sourceTree = "<group>";
		};
		23CBCB1622E4F75D00412350 /* Utilities */ = {
			isa = PBXGroup;
			children = (
				2360E2E622ECBEF800FCF99F /* GetDataFromDatabase.swift */,
				2364EA4622DA8BB500340B3A /* WebDataDownload.swift */,
				23CBCB1422E4F69E00412350 /* CheckingConnection.swift */,
				23EDF9AA22E5F75A0039C2AB /* Alerts.swift */,
				23D9AEDB22EF666C00B4B876 /* CurrentDate.swift */,
			);
			path = Utilities;
			sourceTree = "<group>";
		};
		23D9AED422EF37DA00B4B876 /* CustomLecturersTimeTableCell */ = {
			isa = PBXGroup;
			children = (
				23D9AED522EF380800B4B876 /* LecturersCustomCell.swift */,
				23D9AED622EF380800B4B876 /* LecturersCustomCell.xib */,
			);
			path = CustomLecturersTimeTableCell;
			sourceTree = "<group>";
		};
		8B3D7BC3596FC83B208B2C81 /* Frameworks */ = {
			isa = PBXGroup;
			children = (
				14D482D4A6BBC0752467BD61 /* Pods_Aplikacja_Mobilna_WZR.framework */,
			);
			name = Frameworks;
			sourceTree = "<group>";
		};
		F419EA94C5F278C489A283CA /* Pods */ = {
			isa = PBXGroup;
			children = (
				512F58E691B2510F01633AEB /* Pods-Aplikacja Mobilna WZR.debug.xcconfig */,
				6DF9A489728DB95CC77F354B /* Pods-Aplikacja Mobilna WZR.release.xcconfig */,
			);
			name = Pods;
			sourceTree = "<group>";
		};
/* End PBXGroup section */

/* Begin PBXNativeTarget section */
		2364EA2522DA760000340B3A /* Aplikacja Mobilna WZR */ = {
			isa = PBXNativeTarget;
			buildConfigurationList = 2364EA3B22DA760000340B3A /* Build configuration list for PBXNativeTarget "Aplikacja Mobilna WZR" */;
			buildPhases = (
				233623A5C6219E48FD10E600 /* [CP] Check Pods Manifest.lock */,
				2364EA2222DA760000340B3A /* Sources */,
				2364EA2322DA760000340B3A /* Frameworks */,
				2364EA2422DA760000340B3A /* Resources */,
				D283CBB2D09A9DC2F5CBBB84 /* [CP] Embed Pods Frameworks */,
			);
			buildRules = (
			);
			dependencies = (
			);
			name = "Aplikacja Mobilna WZR";
			productName = "Aplikacja Mobilna WZR";
			productReference = 2364EA2622DA760000340B3A /* Aplikacja Mobilna WZR.app */;
			productType = "com.apple.product-type.application";
		};
/* End PBXNativeTarget section */

/* Begin PBXProject section */
		2364EA1E22DA760000340B3A /* Project object */ = {
			isa = PBXProject;
			attributes = {
				LastSwiftUpdateCheck = 1020;
				LastUpgradeCheck = 1020;
				ORGANIZATIONNAME = "Mateusz Łukasiński";
				TargetAttributes = {
					2364EA2522DA760000340B3A = {
						CreatedOnToolsVersion = 10.2.1;
					};
				};
			};
			buildConfigurationList = 2364EA2122DA760000340B3A /* Build configuration list for PBXProject "Aplikacja Mobilna WZR" */;
			compatibilityVersion = "Xcode 9.3";
			developmentRegion = en;
			hasScannedForEncodings = 0;
			knownRegions = (
				en,
				Base,
			);
			mainGroup = 2364EA1D22DA760000340B3A;
			productRefGroup = 2364EA2722DA760000340B3A /* Products */;
			projectDirPath = "";
			projectRoot = "";
			targets = (
				2364EA2522DA760000340B3A /* Aplikacja Mobilna WZR */,
			);
		};
/* End PBXProject section */

/* Begin PBXResourcesBuildPhase section */
		2364EA2422DA760000340B3A /* Resources */ = {
			isa = PBXResourcesBuildPhase;
			buildActionMask = 2147483647;
			files = (
				2364EA3722DA760000340B3A /* LaunchScreen.storyboard in Resources */,
				23D9AED822EF380800B4B876 /* LecturersCustomCell.xib in Resources */,
				2360E2E522ECACF100FCF99F /* TimeTableCell.xib in Resources */,
				2364EA3422DA760000340B3A /* Assets.xcassets in Resources */,
				2364EA2F22DA760000340B3A /* Main.storyboard in Resources */,
			);
			runOnlyForDeploymentPostprocessing = 0;
		};
/* End PBXResourcesBuildPhase section */

/* Begin PBXShellScriptBuildPhase section */
		233623A5C6219E48FD10E600 /* [CP] Check Pods Manifest.lock */ = {
			isa = PBXShellScriptBuildPhase;
			buildActionMask = 2147483647;
			files = (
			);
			inputPaths = (
				"${PODS_PODFILE_DIR_PATH}/Podfile.lock",
				"${PODS_ROOT}/Manifest.lock",
			);
			name = "[CP] Check Pods Manifest.lock";
			outputPaths = (
				"$(DERIVED_FILE_DIR)/Pods-Aplikacja Mobilna WZR-checkManifestLockResult.txt",
			);
			runOnlyForDeploymentPostprocessing = 0;
			shellPath = /bin/sh;
			shellScript = "diff \"${PODS_PODFILE_DIR_PATH}/Podfile.lock\" \"${PODS_ROOT}/Manifest.lock\" > /dev/null\nif [ $? != 0 ] ; then\n    # print error to STDERR\n    echo \"error: The sandbox is not in sync with the Podfile.lock. Run 'pod install' or update your CocoaPods installation.\" >&2\n    exit 1\nfi\n# This output is used by Xcode 'outputs' to avoid re-running this script phase.\necho \"SUCCESS\" > \"${SCRIPT_OUTPUT_FILE_0}\"\n";
			showEnvVarsInLog = 0;
		};
		D283CBB2D09A9DC2F5CBBB84 /* [CP] Embed Pods Frameworks */ = {
			isa = PBXShellScriptBuildPhase;
			buildActionMask = 2147483647;
			files = (
			);
			inputPaths = (
				"${SRCROOT}/Pods/Target Support Files/Pods-Aplikacja Mobilna WZR/Pods-Aplikacja Mobilna WZR-frameworks.sh",
				"${BUILT_PRODUCTS_DIR}/CSV.swift/CSV.framework",
				"${BUILT_PRODUCTS_DIR}/Realm/Realm.framework",
				"${BUILT_PRODUCTS_DIR}/RealmSwift/RealmSwift.framework",
				"${BUILT_PRODUCTS_DIR}/SwiftSoup/SwiftSoup.framework",
			);
			name = "[CP] Embed Pods Frameworks";
			outputPaths = (
				"${TARGET_BUILD_DIR}/${FRAMEWORKS_FOLDER_PATH}/CSV.framework",
				"${TARGET_BUILD_DIR}/${FRAMEWORKS_FOLDER_PATH}/Realm.framework",
				"${TARGET_BUILD_DIR}/${FRAMEWORKS_FOLDER_PATH}/RealmSwift.framework",
				"${TARGET_BUILD_DIR}/${FRAMEWORKS_FOLDER_PATH}/SwiftSoup.framework",
			);
			runOnlyForDeploymentPostprocessing = 0;
			shellPath = /bin/sh;
			shellScript = "\"${SRCROOT}/Pods/Target Support Files/Pods-Aplikacja Mobilna WZR/Pods-Aplikacja Mobilna WZR-frameworks.sh\"\n";
			showEnvVarsInLog = 0;
		};
/* End PBXShellScriptBuildPhase section */

/* Begin PBXSourcesBuildPhase section */
		2364EA2222DA760000340B3A /* Sources */ = {
			isa = PBXSourcesBuildPhase;
			buildActionMask = 2147483647;
			files = (
				23EDF9AF22E60A3F0039C2AB /* ClassesArray.swift in Sources */,
				23162BCD22DE89DF001A4D2D /* DownloadCSV.swift in Sources */,
				23162BCF22DE9D04001A4D2D /* WelcomeScreenController.swift in Sources */,
				233577B122DA99E30043AE98 /* GroupsParser.swift in Sources */,
				23BAEAEB22DF8E18005E5F40 /* ParsingCsvUtil.swift in Sources */,
				23162BD122DEA301001A4D2D /* ParseCSV.swift in Sources */,
				2360E2E722ECBEF800FCF99F /* GetDataFromDatabase.swift in Sources */,
				23D9AEDA22EF62ED00B4B876 /* DownloadNoticeBoard.swift in Sources */,
				2364EA2A22DA760000340B3A /* AppDelegate.swift in Sources */,
				23CBCB1522E4F69E00412350 /* CheckingConnection.swift in Sources */,
				23D9AED722EF380800B4B876 /* LecturersCustomCell.swift in Sources */,
				23DFFB7122EE19320045C626 /* LecturersTimeTableController.swift in Sources */,
				23D9AEDC22EF666C00B4B876 /* CurrentDate.swift in Sources */,
				23EDF9AB22E5F75A0039C2AB /* Alerts.swift in Sources */,
				2364EA4722DA8BB500340B3A /* WebDataDownload.swift in Sources */,
				2360E2E422ECACF100FCF99F /* TimeTableCell.swift in Sources */,
				2360E2E022EC91BD00FCF99F /* TimeTablesDataBase.swift in Sources */,
				2364EA4522DA7B9D00340B3A /* TimeTableController.swift in Sources */,
				23242B9B22DE453700C4F132 /* Groups.swift in Sources */,
			);
			runOnlyForDeploymentPostprocessing = 0;
		};
/* End PBXSourcesBuildPhase section */

/* Begin PBXVariantGroup section */
		2364EA2D22DA760000340B3A /* Main.storyboard */ = {
			isa = PBXVariantGroup;
			children = (
				2364EA2E22DA760000340B3A /* Base */,
			);
			name = Main.storyboard;
			sourceTree = "<group>";
		};
		2364EA3522DA760000340B3A /* LaunchScreen.storyboard */ = {
			isa = PBXVariantGroup;
			children = (
				2364EA3622DA760000340B3A /* Base */,
			);
			name = LaunchScreen.storyboard;
			sourceTree = "<group>";
		};
/* End PBXVariantGroup section */

/* Begin XCBuildConfiguration section */
		2364EA3922DA760000340B3A /* Debug */ = {
			isa = XCBuildConfiguration;
			buildSettings = {
				ALWAYS_SEARCH_USER_PATHS = NO;
				CLANG_ANALYZER_NONNULL = YES;
				CLANG_ANALYZER_NUMBER_OBJECT_CONVERSION = YES_AGGRESSIVE;
				CLANG_CXX_LANGUAGE_STANDARD = "gnu++14";
				CLANG_CXX_LIBRARY = "libc++";
				CLANG_ENABLE_MODULES = YES;
				CLANG_ENABLE_OBJC_ARC = YES;
				CLANG_ENABLE_OBJC_WEAK = YES;
				CLANG_WARN_BLOCK_CAPTURE_AUTORELEASING = YES;
				CLANG_WARN_BOOL_CONVERSION = YES;
				CLANG_WARN_COMMA = YES;
				CLANG_WARN_CONSTANT_CONVERSION = YES;
				CLANG_WARN_DEPRECATED_OBJC_IMPLEMENTATIONS = YES;
				CLANG_WARN_DIRECT_OBJC_ISA_USAGE = YES_ERROR;
				CLANG_WARN_DOCUMENTATION_COMMENTS = YES;
				CLANG_WARN_EMPTY_BODY = YES;
				CLANG_WARN_ENUM_CONVERSION = YES;
				CLANG_WARN_INFINITE_RECURSION = YES;
				CLANG_WARN_INT_CONVERSION = YES;
				CLANG_WARN_NON_LITERAL_NULL_CONVERSION = YES;
				CLANG_WARN_OBJC_IMPLICIT_RETAIN_SELF = YES;
				CLANG_WARN_OBJC_LITERAL_CONVERSION = YES;
				CLANG_WARN_OBJC_ROOT_CLASS = YES_ERROR;
				CLANG_WARN_RANGE_LOOP_ANALYSIS = YES;
				CLANG_WARN_STRICT_PROTOTYPES = YES;
				CLANG_WARN_SUSPICIOUS_MOVE = YES;
				CLANG_WARN_UNGUARDED_AVAILABILITY = YES_AGGRESSIVE;
				CLANG_WARN_UNREACHABLE_CODE = YES;
				CLANG_WARN__DUPLICATE_METHOD_MATCH = YES;
				CODE_SIGN_IDENTITY = "iPhone Developer";
				COPY_PHASE_STRIP = NO;
				DEBUG_INFORMATION_FORMAT = dwarf;
				ENABLE_STRICT_OBJC_MSGSEND = YES;
				ENABLE_TESTABILITY = YES;
				GCC_C_LANGUAGE_STANDARD = gnu11;
				GCC_DYNAMIC_NO_PIC = NO;
				GCC_NO_COMMON_BLOCKS = YES;
				GCC_OPTIMIZATION_LEVEL = 0;
				GCC_PREPROCESSOR_DEFINITIONS = (
					"DEBUG=1",
					"$(inherited)",
				);
				GCC_WARN_64_TO_32_BIT_CONVERSION = YES;
				GCC_WARN_ABOUT_RETURN_TYPE = YES_ERROR;
				GCC_WARN_UNDECLARED_SELECTOR = YES;
				GCC_WARN_UNINITIALIZED_AUTOS = YES_AGGRESSIVE;
				GCC_WARN_UNUSED_FUNCTION = YES;
				GCC_WARN_UNUSED_VARIABLE = YES;
				IPHONEOS_DEPLOYMENT_TARGET = 12.2;
				MTL_ENABLE_DEBUG_INFO = INCLUDE_SOURCE;
				MTL_FAST_MATH = YES;
				ONLY_ACTIVE_ARCH = YES;
				SDKROOT = iphoneos;
				SWIFT_ACTIVE_COMPILATION_CONDITIONS = DEBUG;
				SWIFT_OPTIMIZATION_LEVEL = "-Onone";
			};
			name = Debug;
		};
		2364EA3A22DA760000340B3A /* Release */ = {
			isa = XCBuildConfiguration;
			buildSettings = {
				ALWAYS_SEARCH_USER_PATHS = NO;
				CLANG_ANALYZER_NONNULL = YES;
				CLANG_ANALYZER_NUMBER_OBJECT_CONVERSION = YES_AGGRESSIVE;
				CLANG_CXX_LANGUAGE_STANDARD = "gnu++14";
				CLANG_CXX_LIBRARY = "libc++";
				CLANG_ENABLE_MODULES = YES;
				CLANG_ENABLE_OBJC_ARC = YES;
				CLANG_ENABLE_OBJC_WEAK = YES;
				CLANG_WARN_BLOCK_CAPTURE_AUTORELEASING = YES;
				CLANG_WARN_BOOL_CONVERSION = YES;
				CLANG_WARN_COMMA = YES;
				CLANG_WARN_CONSTANT_CONVERSION = YES;
				CLANG_WARN_DEPRECATED_OBJC_IMPLEMENTATIONS = YES;
				CLANG_WARN_DIRECT_OBJC_ISA_USAGE = YES_ERROR;
				CLANG_WARN_DOCUMENTATION_COMMENTS = YES;
				CLANG_WARN_EMPTY_BODY = YES;
				CLANG_WARN_ENUM_CONVERSION = YES;
				CLANG_WARN_INFINITE_RECURSION = YES;
				CLANG_WARN_INT_CONVERSION = YES;
				CLANG_WARN_NON_LITERAL_NULL_CONVERSION = YES;
				CLANG_WARN_OBJC_IMPLICIT_RETAIN_SELF = YES;
				CLANG_WARN_OBJC_LITERAL_CONVERSION = YES;
				CLANG_WARN_OBJC_ROOT_CLASS = YES_ERROR;
				CLANG_WARN_RANGE_LOOP_ANALYSIS = YES;
				CLANG_WARN_STRICT_PROTOTYPES = YES;
				CLANG_WARN_SUSPICIOUS_MOVE = YES;
				CLANG_WARN_UNGUARDED_AVAILABILITY = YES_AGGRESSIVE;
				CLANG_WARN_UNREACHABLE_CODE = YES;
				CLANG_WARN__DUPLICATE_METHOD_MATCH = YES;
				CODE_SIGN_IDENTITY = "iPhone Developer";
				COPY_PHASE_STRIP = NO;
				DEBUG_INFORMATION_FORMAT = "dwarf-with-dsym";
				ENABLE_NS_ASSERTIONS = NO;
				ENABLE_STRICT_OBJC_MSGSEND = YES;
				GCC_C_LANGUAGE_STANDARD = gnu11;
				GCC_NO_COMMON_BLOCKS = YES;
				GCC_WARN_64_TO_32_BIT_CONVERSION = YES;
				GCC_WARN_ABOUT_RETURN_TYPE = YES_ERROR;
				GCC_WARN_UNDECLARED_SELECTOR = YES;
				GCC_WARN_UNINITIALIZED_AUTOS = YES_AGGRESSIVE;
				GCC_WARN_UNUSED_FUNCTION = YES;
				GCC_WARN_UNUSED_VARIABLE = YES;
				IPHONEOS_DEPLOYMENT_TARGET = 12.2;
				MTL_ENABLE_DEBUG_INFO = NO;
				MTL_FAST_MATH = YES;
				SDKROOT = iphoneos;
				SWIFT_COMPILATION_MODE = wholemodule;
				SWIFT_OPTIMIZATION_LEVEL = "-O";
				VALIDATE_PRODUCT = YES;
			};
			name = Release;
		};
		2364EA3C22DA760000340B3A /* Debug */ = {
			isa = XCBuildConfiguration;
			baseConfigurationReference = 512F58E691B2510F01633AEB /* Pods-Aplikacja Mobilna WZR.debug.xcconfig */;
			buildSettings = {
				ASSETCATALOG_COMPILER_APPICON_NAME = AppIcon;
				CODE_SIGN_STYLE = Automatic;
				DEVELOPMENT_TEAM = 7CS6N8JRT4;
				INFOPLIST_FILE = "Aplikacja Mobilna WZR/Info.plist";
				LD_RUNPATH_SEARCH_PATHS = (
					"$(inherited)",
					"@executable_path/Frameworks",
				);
				PRODUCT_BUNDLE_IDENTIFIER = "com.Mateusz.Lukasinski.Aplikacja-Mobilna-WZR";
				PRODUCT_NAME = "$(TARGET_NAME)";
				SWIFT_VERSION = 5.0;
				TARGETED_DEVICE_FAMILY = 1;
			};
			name = Debug;
		};
		2364EA3D22DA760000340B3A /* Release */ = {
			isa = XCBuildConfiguration;
			baseConfigurationReference = 6DF9A489728DB95CC77F354B /* Pods-Aplikacja Mobilna WZR.release.xcconfig */;
			buildSettings = {
				ASSETCATALOG_COMPILER_APPICON_NAME = AppIcon;
				CODE_SIGN_STYLE = Automatic;
				DEVELOPMENT_TEAM = 7CS6N8JRT4;
				INFOPLIST_FILE = "Aplikacja Mobilna WZR/Info.plist";
				LD_RUNPATH_SEARCH_PATHS = (
					"$(inherited)",
					"@executable_path/Frameworks",
				);
				PRODUCT_BUNDLE_IDENTIFIER = "com.Mateusz.Lukasinski.Aplikacja-Mobilna-WZR";
				PRODUCT_NAME = "$(TARGET_NAME)";
				SWIFT_VERSION = 5.0;
				TARGETED_DEVICE_FAMILY = 1;
			};
			name = Release;
		};
/* End XCBuildConfiguration section */

/* Begin XCConfigurationList section */
		2364EA2122DA760000340B3A /* Build configuration list for PBXProject "Aplikacja Mobilna WZR" */ = {
			isa = XCConfigurationList;
			buildConfigurations = (
				2364EA3922DA760000340B3A /* Debug */,
				2364EA3A22DA760000340B3A /* Release */,
			);
			defaultConfigurationIsVisible = 0;
			defaultConfigurationName = Release;
		};
		2364EA3B22DA760000340B3A /* Build configuration list for PBXNativeTarget "Aplikacja Mobilna WZR" */ = {
			isa = XCConfigurationList;
			buildConfigurations = (
				2364EA3C22DA760000340B3A /* Debug */,
				2364EA3D22DA760000340B3A /* Release */,
			);
			defaultConfigurationIsVisible = 0;
			defaultConfigurationName = Release;
		};
/* End XCConfigurationList section */
	};
	rootObject = 2364EA1E22DA760000340B3A /* Project object */;
}
